
Microsoft Visual Studio Solution File, Format Version 12.00
# Visual Studio Version 16
VisualStudioVersion = 16.0.32002.261
MinimumVisualStudioVersion = 10.0.40219.1
Project("{FAE04EC0-301F-11D3-BF4B-00C04F79EFBC}") = "InteractiveQuiz", "InteractiveQuiz.csproj", "{44CC0056-3C4C-4E47-8596-73A0A8941DEA}"
EndProject
Global
	GlobalSection(SolutionConfigurationPlatforms) = preSolution
		Debug|Any CPU = Debug|Any CPU
		Release|Any CPU = Release|Any CPU
	EndGlobalSection
	GlobalSection(ProjectConfigurationPlatforms) = postSolution
		{44CC0056-3C4C-4E47-8596-73A0A8941DEA}.Debug|Any CPU.ActiveCfg = Debug|Any CPU
		{44CC0056-3C4C-4E47-8596-73A0A8941DEA}.Debug|Any CPU.Build.0 = Debug|Any CPU
		{44CC0056-3C4C-4E47-8596-73A0A8941DEA}.Release|Any CPU.ActiveCfg = Release|Any CPU
		{44CC0056-3C4C-4E47-8596-73A0A8941DEA}.Release|Any CPU.Build.0 = Release|Any CPU
	EndGlobalSection
	GlobalSection(SolutionProperties) = preSolution
		HideSolutionNode = FALSE
	EndGlobalSection
	GlobalSection(ExtensibilityGlobals) = postSolution
		SolutionGuid = {D10E809C-8B07-4BBD-BD15-5AB9995DFDED}
	EndGlobalSection
EndGlobal
